
Microsoft Visual Studio Solution File, Format Version 12.00
# Visual Studio Version 16
VisualStudioVersion = 16.0.30225.117
MinimumVisualStudioVersion = 10.0.40219.1
Project("{FAE04EC0-301F-11D3-BF4B-00C04F79EFBC}") = "ParadoxUnboxingModule", "ParadoxUnboxingModule\ParadoxUnboxingModule.csproj", "{4E614444-70CC-415A-8F92-02AEADBFCCF5}"
EndProject
Global
	GlobalSection(SolutionConfigurationPlatforms) = preSolution
		Debug|Any CPU = Debug|Any CPU
		Release|Any CPU = Release|Any CPU
	EndGlobalSection
	GlobalSection(ProjectConfigurationPlatforms) = postSolution
		{4E614444-70CC-415A-8F92-02AEADBFCCF5}.Debug|Any CPU.ActiveCfg = Debug|Any CPU
		{4E614444-70CC-415A-8F92-02AEADBFCCF5}.Debug|Any CPU.Build.0 = Debug|Any CPU
		{4E614444-70CC-415A-8F92-02AEADBFCCF5}.Release|Any CPU.ActiveCfg = Release|Any CPU
		{4E614444-70CC-415A-8F92-02AEADBFCCF5}.Release|Any CPU.Build.0 = Release|Any CPU
	EndGlobalSection
	GlobalSection(SolutionProperties) = preSolution
		HideSolutionNode = FALSE
	EndGlobalSection
	GlobalSection(ExtensibilityGlobals) = postSolution
		SolutionGuid = {13FC2444-843C-4C7B-96A2-A7DFA34CB2A2}
	EndGlobalSection
EndGlobal
